
Microsoft Visual Studio Solution File, Format Version 12.00
# Visual Studio 15
VisualStudioVersion = 15.0.28307.168
MinimumVisualStudioVersion = 10.0.40219.1
Project("{FAE04EC0-301F-11D3-BF4B-00C04F79EFBC}") = "button", "button\button.csproj", "{CAE652DC-C7C9-4267-8100-DDCD2ED74D16}"
EndProject
Global
	GlobalSection(SolutionConfigurationPlatforms) = preSolution
		Debug|Any CPU = Debug|Any CPU
		Release|Any CPU = Release|Any CPU
	EndGlobalSection
	GlobalSection(ProjectConfigurationPlatforms) = postSolution
		{CAE652DC-C7C9-4267-8100-DDCD2ED74D16}.Debug|Any CPU.ActiveCfg = Debug|Any CPU
		{CAE652DC-C7C9-4267-8100-DDCD2ED74D16}.Debug|Any CPU.Build.0 = Debug|Any CPU
		{CAE652DC-C7C9-4267-8100-DDCD2ED74D16}.Release|Any CPU.ActiveCfg = Release|Any CPU
		{CAE652DC-C7C9-4267-8100-DDCD2ED74D16}.Release|Any CPU.Build.0 = Release|Any CPU
	EndGlobalSection
	GlobalSection(SolutionProperties) = preSolution
		HideSolutionNode = FALSE
	EndGlobalSection
	GlobalSection(ExtensibilityGlobals) = postSolution
		SolutionGuid = {F703E443-240A-48FF-AA8C-46D0640D295E}
	EndGlobalSection
EndGlobal
